# This file is autogenerated, do not edit; changes may be undone by the next 'dep ensure'.


[[projects]]
  branch = "master"
  name = "github.com/alecthomas/template"
  packages = [
    ".",
    "parse"
  ]
  revision = "a0175ee3bccc567396460bf5acd36800cb10c49c"

[[projects]]
  branch = "master"
  name = "github.com/alecthomas/units"
  packages = ["."]
  revision = "2efee857e7cfd4f3d0138cc3cbb1b4966962b93a"

[[projects]]
  name = "github.com/cloudflare/cfssl"
  packages = [
    "crypto/pkcs7",
    "errors",
    "helpers",
    "helpers/derhelpers",
    "log"
  ]
  revision = "5d63dbd981b5c408effbb58c442d54761ff94fbd"
  version = "1.3.2"

[[projects]]
  name = "github.com/google/certificate-transparency-go"
  packages = [
    ".",
    "asn1",
    "tls",
    "x509",
    "x509/pkix"
  ]
  revision = "5ab67e519c93568ac3ee50fd6772a5bcf8aa460d"

[[projects]]
  name = "github.com/satori/go.uuid"
  packages = ["."]
  revision = "f58768cc1a7a7e77a3bd49e98cdd21419399b6a3"
  version = "v1.2.0"

[[projects]]
  branch = "master"
  name = "github.com/tsocial/catoolkit"
  packages = ["tlsproxy"]
  revision = "0848abadc4b9b55d77a2604bf1084fb4b8c34f39"

[[projects]]
  name = "github.com/tsocial/cfssl"
  packages = ["revoke"]
  revision = "bd4e730d5cf68d132d5b9e4a747318a4e6c10d64"
  version = "1.3.3"

[[projects]]
  branch = "master"
  name = "golang.org/x/crypto"
  packages = [
    "cryptobyte",
    "cryptobyte/asn1",
    "ocsp",
    "pkcs12",
    "pkcs12/internal/rc2"
  ]
  revision = "0e37d006457bf46f9e6692014ba72ef82c33022c"

[[projects]]
  name = "gopkg.in/alecthomas/kingpin.v2"
  packages = ["."]
  revision = "947dcec5ba9c011838740e680966fd7087a71d0d"
  version = "v2.2.6"

[solve-meta]
  analyzer-name = "dep"
  analyzer-version = 1
  inputs-digest = "793017c563f35c97263f5df56bc0db0a33e85f678590b039b9f791ce52b6061d"
  solver-name = "gps-cdcl"
  solver-version = 1
